{
    "_readme": [
        "This file locks the dependencies of your project to a known state",
        "Read more about it at https://getcomposer.org/doc/01-basic-usage.md#installing-dependencies",
        "This file is @generated automatically"
    ],
    "content-hash": "3c5fa11a9b460c53970e5456f3d82dc2",
    "packages": [
        {
            "name": "programster/collections",
            "version": "0.1.0",
            "source": {
                "type": "git",
                "url": "https://github.com/programster/package-collections.git",
                "reference": "5df1fc995a4ea33cdf0f0f2ad23cd64291b8d33a"
            },
            "dist": {
                "type": "zip",
                "url": "https://api.github.com/repos/programster/package-collections/zipball/5df1fc995a4ea33cdf0f0f2ad23cd64291b8d33a",
                "reference": "5df1fc995a4ea33cdf0f0f2ad23cd64291b8d33a",
                "shasum": ""
            },
            "require": {
                "php": ">=8.2.0"
            },
            "type": "library",
            "autoload": {
                "psr-4": {
                    "Programster\\Collections\\": "src/"
                }
            },
            "notification-url": "https://packagist.org/downloads/",
            "license": [
                "MIT"
            ],
            "authors": [
                {
                    "name": "Stuart Page",
                    "email": "sdpagent@gmail.com",
                    "homepage": "https://blog.programster.org",
                    "role": "Developer"
                }
            ],
            "description": "A simple library to simplify the creation of strict type arrays/collections.",
            "homepage": "https://github.com/programster/package-core-libs",
            "keywords": [
                "collection",
                "library"
            ],
            "support": {
                "issues": "https://github.com/programster/package-collections/issues",
                "source": "https://github.com/programster/package-collections/tree/0.1.0"
            },
            "time": "2023-12-18T15:15:50+00:00"
        },
        {
            "name": "stripe/stripe-php",
            "version": "v19.4.1",
            "source": {
                "type": "git",
                "url": "https://github.com/stripe/stripe-php.git",
                "reference": "095384404587d07de2ad1154c389c4051c5ed92f"
            },
            "dist": {
                "type": "zip",
                "url": "https://api.github.com/repos/stripe/stripe-php/zipball/095384404587d07de2ad1154c389c4051c5ed92f",
                "reference": "095384404587d07de2ad1154c389c4051c5ed92f",
                "shasum": ""
            },
            "require": {
                "ext-curl": "*",
                "ext-json": "*",
                "ext-mbstring": "*",
                "php": ">=5.6.0"
            },
            "require-dev": {
                "friendsofphp/php-cs-fixer": "3.94.0",
                "phpstan/phpstan": "^1.2",
                "phpunit/phpunit": "^5.7 || ^9.0"
            },
            "type": "library",
            "extra": {
                "branch-alias": {
                    "dev-master": "2.0-dev"
                }
            },
            "autoload": {
                "psr-4": {
                    "Stripe\\": "lib/"
                }
            },
            "notification-url": "https://packagist.org/downloads/",
            "license": [
                "MIT"
            ],
            "authors": [
                {
                    "name": "Stripe and contributors",
                    "homepage": "https://github.com/stripe/stripe-php/contributors"
                }
            ],
            "description": "Stripe PHP Library",
            "homepage": "https://stripe.com/",
            "keywords": [
                "api",
                "payment processing",
                "stripe"
            ],
            "support": {
                "issues": "https://github.com/stripe/stripe-php/issues",
                "source": "https://github.com/stripe/stripe-php/tree/v19.4.1"
            },
            "time": "2026-03-06T22:53:13+00:00"
        }
    ],
    "packages-dev": [],
    "aliases": [],
    "minimum-stability": "stable",
    "stability-flags": {},
    "prefer-stable": false,
    "prefer-lowest": false,
    "platform": {
        "php": ">=8.3.0",
        "ext-curl": "*"
    },
    "platform-dev": {},
    "plugin-api-version": "2.6.0"
}
